
Microsoft Visual Studio Solution File, Format Version 12.00
# Visual Studio Version 17
VisualStudioVersion = 17.9.34607.119
MinimumVisualStudioVersion = 10.0.40219.1
Project("{FAE04EC0-301F-11D3-BF4B-00C04F79EFBC}") = "HW3NoteKeeper", "..\HW3NoteKeeperSolution\HW3NoteKeeper\HW3NoteKeeper.csproj", "{438C1BAB-3226-4377-A2A8-936A52013A31}"
EndProject
Global
	GlobalSection(SolutionConfigurationPlatforms) = preSolution
		Debug|Any CPU = Debug|Any CPU
		Release|Any CPU = Release|Any CPU
	EndGlobalSection
	GlobalSection(ProjectConfigurationPlatforms) = postSolution
		{438C1BAB-3226-4377-A2A8-936A52013A31}.Debug|Any CPU.ActiveCfg = Debug|Any CPU
		{438C1BAB-3226-4377-A2A8-936A52013A31}.Debug|Any CPU.Build.0 = Debug|Any CPU
		{438C1BAB-3226-4377-A2A8-936A52013A31}.Release|Any CPU.ActiveCfg = Release|Any CPU
		{438C1BAB-3226-4377-A2A8-936A52013A31}.Release|Any CPU.Build.0 = Release|Any CPU
	EndGlobalSection
	GlobalSection(SolutionProperties) = preSolution
		HideSolutionNode = FALSE
	EndGlobalSection
	GlobalSection(ExtensibilityGlobals) = postSolution
		SolutionGuid = {1642EDC5-CD6F-4658-9707-41A9F07828A1}
	EndGlobalSection
EndGlobal
